
Microsoft Visual Studio Solution File, Format Version 12.00
# Visual Studio 14
VisualStudioVersion = 14.0.24720.0
MinimumVisualStudioVersion = 10.0.40219.1
Project("{FAE04EC0-301F-11D3-BF4B-00C04F79EFBC}") = "OOP2.1", "OOP2.1\OOP2.1.csproj", "{D0DB1612-2074-4F6C-AB56-F3977C908F64}"
EndProject
Project("{FAE04EC0-301F-11D3-BF4B-00C04F79EFBC}") = "Tree", "Tree\Tree.csproj", "{A78F324C-E8DC-46F4-893B-94FF72C72354}"
EndProject
Global
	GlobalSection(SolutionConfigurationPlatforms) = preSolution
		Debug|Any CPU = Debug|Any CPU
		Release|Any CPU = Release|Any CPU
	EndGlobalSection
	GlobalSection(ProjectConfigurationPlatforms) = postSolution
		{D0DB1612-2074-4F6C-AB56-F3977C908F64}.Debug|Any CPU.ActiveCfg = Debug|Any CPU
		{D0DB1612-2074-4F6C-AB56-F3977C908F64}.Debug|Any CPU.Build.0 = Debug|Any CPU
		{D0DB1612-2074-4F6C-AB56-F3977C908F64}.Release|Any CPU.ActiveCfg = Release|Any CPU
		{D0DB1612-2074-4F6C-AB56-F3977C908F64}.Release|Any CPU.Build.0 = Release|Any CPU
		{A78F324C-E8DC-46F4-893B-94FF72C72354}.Debug|Any CPU.ActiveCfg = Debug|Any CPU
		{A78F324C-E8DC-46F4-893B-94FF72C72354}.Debug|Any CPU.Build.0 = Debug|Any CPU
		{A78F324C-E8DC-46F4-893B-94FF72C72354}.Release|Any CPU.ActiveCfg = Release|Any CPU
		{A78F324C-E8DC-46F4-893B-94FF72C72354}.Release|Any CPU.Build.0 = Release|Any CPU
	EndGlobalSection
	GlobalSection(SolutionProperties) = preSolution
		HideSolutionNode = FALSE
	EndGlobalSection
EndGlobal
